
Microsoft Visual Studio Solution File, Format Version 12.00
# Visual Studio Version 17
VisualStudioVersion = 17.0.31903.59
MinimumVisualStudioVersion = 10.0.40219.1
Project("{FAE04EC0-301F-11D3-BF4B-00C04F79EFBC}") = "CRUD 1.0", "CRUD 1.0.csproj", "{142033FF-1516-435D-A9FF-8BC4B781832E}"
EndProject
Global
	GlobalSection(SolutionConfigurationPlatforms) = preSolution
		Debug|Any CPU = Debug|Any CPU
		Release|Any CPU = Release|Any CPU
	EndGlobalSection
	GlobalSection(ProjectConfigurationPlatforms) = postSolution
		{142033FF-1516-435D-A9FF-8BC4B781832E}.Debug|Any CPU.ActiveCfg = Debug|Any CPU
		{142033FF-1516-435D-A9FF-8BC4B781832E}.Debug|Any CPU.Build.0 = Debug|Any CPU
		{142033FF-1516-435D-A9FF-8BC4B781832E}.Release|Any CPU.ActiveCfg = Release|Any CPU
		{142033FF-1516-435D-A9FF-8BC4B781832E}.Release|Any CPU.Build.0 = Release|Any CPU
	EndGlobalSection
	GlobalSection(SolutionProperties) = preSolution
		HideSolutionNode = FALSE
	EndGlobalSection
	GlobalSection(ExtensibilityGlobals) = postSolution
		SolutionGuid = {3F0DDD24-A8D1-474B-B74B-B982ED42D299}
	EndGlobalSection
EndGlobal
