
Microsoft Visual Studio Solution File, Format Version 12.00
# Visual Studio Version 17
VisualStudioVersion = 17.0.31912.275
MinimumVisualStudioVersion = 10.0.40219.1
Project("{FAE04EC0-301F-11D3-BF4B-00C04F79EFBC}") = "CRUD-Lista", "CRUD-Lista.csproj", "{69FFCC20-1D39-4510-B58F-36C3C95F6FD7}"
EndProject
Global
	GlobalSection(SolutionConfigurationPlatforms) = preSolution
		Debug|Any CPU = Debug|Any CPU
		Release|Any CPU = Release|Any CPU
	EndGlobalSection
	GlobalSection(ProjectConfigurationPlatforms) = postSolution
		{69FFCC20-1D39-4510-B58F-36C3C95F6FD7}.Debug|Any CPU.ActiveCfg = Debug|Any CPU
		{69FFCC20-1D39-4510-B58F-36C3C95F6FD7}.Debug|Any CPU.Build.0 = Debug|Any CPU
		{69FFCC20-1D39-4510-B58F-36C3C95F6FD7}.Release|Any CPU.ActiveCfg = Release|Any CPU
		{69FFCC20-1D39-4510-B58F-36C3C95F6FD7}.Release|Any CPU.Build.0 = Release|Any CPU
	EndGlobalSection
	GlobalSection(SolutionProperties) = preSolution
		HideSolutionNode = FALSE
	EndGlobalSection
	GlobalSection(ExtensibilityGlobals) = postSolution
		SolutionGuid = {1E0E50BE-EBC2-415F-910E-DBE68389C500}
	EndGlobalSection
EndGlobal
