
Microsoft Visual Studio Solution File, Format Version 12.00
# Visual Studio Version 17
VisualStudioVersion = 17.0.31903.59
MinimumVisualStudioVersion = 10.0.40219.1
Project("{FAE04EC0-301F-11D3-BF4B-00C04F79EFBC}") = "Variables", "Variables.csproj", "{054F1DC8-218E-4A8C-8FC5-67D52709359A}"
EndProject
Global
	GlobalSection(SolutionConfigurationPlatforms) = preSolution
		Debug|Any CPU = Debug|Any CPU
		Release|Any CPU = Release|Any CPU
	EndGlobalSection
	GlobalSection(ProjectConfigurationPlatforms) = postSolution
		{054F1DC8-218E-4A8C-8FC5-67D52709359A}.Debug|Any CPU.ActiveCfg = Debug|Any CPU
		{054F1DC8-218E-4A8C-8FC5-67D52709359A}.Debug|Any CPU.Build.0 = Debug|Any CPU
		{054F1DC8-218E-4A8C-8FC5-67D52709359A}.Release|Any CPU.ActiveCfg = Release|Any CPU
		{054F1DC8-218E-4A8C-8FC5-67D52709359A}.Release|Any CPU.Build.0 = Release|Any CPU
	EndGlobalSection
	GlobalSection(SolutionProperties) = preSolution
		HideSolutionNode = FALSE
	EndGlobalSection
	GlobalSection(ExtensibilityGlobals) = postSolution
		SolutionGuid = {0E8C8F00-E8BF-4447-AD01-41C06C856478}
	EndGlobalSection
EndGlobal
